
Microsoft Visual Studio Solution File, Format Version 12.00
# Visual Studio Version 16
VisualStudioVersion = 16.0.33920.266
MinimumVisualStudioVersion = 10.0.40219.1
Project("{FAE04EC0-301F-11D3-BF4B-00C04F79EFBC}") = "01.Read_Text", "01.Read_Text\01.Read_Text.csproj", "{86C37FC0-6481-496D-ADE6-F41B92E251FC}"
EndProject
Project("{FAE04EC0-301F-11D3-BF4B-00C04F79EFBC}") = "02.Password", "..\02.Password\02.Password.csproj", "{5593530C-7E29-4210-84D1-2743C3C7A102}"
EndProject
Project("{FAE04EC0-301F-11D3-BF4B-00C04F79EFBC}") = "03.Sum_Numbers", "..\03.Sum_Numbers\03.Sum_Numbers.csproj", "{C9F663E8-6C2A-452E-92AE-6A0F4D10A809}"
EndProject
Project("{FAE04EC0-301F-11D3-BF4B-00C04F79EFBC}") = "04.Sequence_2k+1", "..\04.Sequence_2k+1\04.Sequence_2k+1.csproj", "{8015BD2D-4506-486D-9345-E257A21E8B85}"
EndProject
Project("{FAE04EC0-301F-11D3-BF4B-00C04F79EFBC}") = "05.Account_Balance", "..\05.Account_Balance\05.Account_Balance.csproj", "{5044E45F-44CA-43A2-8A99-31BD176F8028}"
EndProject
Project("{FAE04EC0-301F-11D3-BF4B-00C04F79EFBC}") = "06.Max_Number", "..\06.Max_Number\06.Max_Number.csproj", "{8FC4FED9-3F4F-42DC-A2BD-9939F3332802}"
EndProject
Project("{FAE04EC0-301F-11D3-BF4B-00C04F79EFBC}") = "07.Min_Number", "..\07.Min_Number\07.Min_Number.csproj", "{85CB5D55-9487-47BD-AE90-8A18BE479E6D}"
EndProject
Project("{FAE04EC0-301F-11D3-BF4B-00C04F79EFBC}") = "08.Graduation", "..\08.Graduation\08.Graduation.csproj", "{795ACE86-C63B-4F01-BA6D-CB7576E5BD7E}"
EndProject
Global
	GlobalSection(SolutionConfigurationPlatforms) = preSolution
		Debug|Any CPU = Debug|Any CPU
		Release|Any CPU = Release|Any CPU
	EndGlobalSection
	GlobalSection(ProjectConfigurationPlatforms) = postSolution
		{86C37FC0-6481-496D-ADE6-F41B92E251FC}.Debug|Any CPU.ActiveCfg = Debug|Any CPU
		{86C37FC0-6481-496D-ADE6-F41B92E251FC}.Debug|Any CPU.Build.0 = Debug|Any CPU
		{86C37FC0-6481-496D-ADE6-F41B92E251FC}.Release|Any CPU.ActiveCfg = Release|Any CPU
		{86C37FC0-6481-496D-ADE6-F41B92E251FC}.Release|Any CPU.Build.0 = Release|Any CPU
		{5593530C-7E29-4210-84D1-2743C3C7A102}.Debug|Any CPU.ActiveCfg = Debug|Any CPU
		{5593530C-7E29-4210-84D1-2743C3C7A102}.Debug|Any CPU.Build.0 = Debug|Any CPU
		{5593530C-7E29-4210-84D1-2743C3C7A102}.Release|Any CPU.ActiveCfg = Release|Any CPU
		{5593530C-7E29-4210-84D1-2743C3C7A102}.Release|Any CPU.Build.0 = Release|Any CPU
		{C9F663E8-6C2A-452E-92AE-6A0F4D10A809}.Debug|Any CPU.ActiveCfg = Debug|Any CPU
		{C9F663E8-6C2A-452E-92AE-6A0F4D10A809}.Debug|Any CPU.Build.0 = Debug|Any CPU
		{C9F663E8-6C2A-452E-92AE-6A0F4D10A809}.Release|Any CPU.ActiveCfg = Release|Any CPU
		{C9F663E8-6C2A-452E-92AE-6A0F4D10A809}.Release|Any CPU.Build.0 = Release|Any CPU
		{8015BD2D-4506-486D-9345-E257A21E8B85}.Debug|Any CPU.ActiveCfg = Debug|Any CPU
		{8015BD2D-4506-486D-9345-E257A21E8B85}.Debug|Any CPU.Build.0 = Debug|Any CPU
		{8015BD2D-4506-486D-9345-E257A21E8B85}.Release|Any CPU.ActiveCfg = Release|Any CPU
		{8015BD2D-4506-486D-9345-E257A21E8B85}.Release|Any CPU.Build.0 = Release|Any CPU
		{5044E45F-44CA-43A2-8A99-31BD176F8028}.Debug|Any CPU.ActiveCfg = Debug|Any CPU
		{5044E45F-44CA-43A2-8A99-31BD176F8028}.Debug|Any CPU.Build.0 = Debug|Any CPU
		{5044E45F-44CA-43A2-8A99-31BD176F8028}.Release|Any CPU.ActiveCfg = Release|Any CPU
		{5044E45F-44CA-43A2-8A99-31BD176F8028}.Release|Any CPU.Build.0 = Release|Any CPU
		{8FC4FED9-3F4F-42DC-A2BD-9939F3332802}.Debug|Any CPU.ActiveCfg = Debug|Any CPU
		{8FC4FED9-3F4F-42DC-A2BD-9939F3332802}.Debug|Any CPU.Build.0 = Debug|Any CPU
		{8FC4FED9-3F4F-42DC-A2BD-9939F3332802}.Release|Any CPU.ActiveCfg = Release|Any CPU
		{8FC4FED9-3F4F-42DC-A2BD-9939F3332802}.Release|Any CPU.Build.0 = Release|Any CPU
		{85CB5D55-9487-47BD-AE90-8A18BE479E6D}.Debug|Any CPU.ActiveCfg = Debug|Any CPU
		{85CB5D55-9487-47BD-AE90-8A18BE479E6D}.Debug|Any CPU.Build.0 = Debug|Any CPU
		{85CB5D55-9487-47BD-AE90-8A18BE479E6D}.Release|Any CPU.ActiveCfg = Release|Any CPU
		{85CB5D55-9487-47BD-AE90-8A18BE479E6D}.Release|Any CPU.Build.0 = Release|Any CPU
		{795ACE86-C63B-4F01-BA6D-CB7576E5BD7E}.Debug|Any CPU.ActiveCfg = Debug|Any CPU
		{795ACE86-C63B-4F01-BA6D-CB7576E5BD7E}.Debug|Any CPU.Build.0 = Debug|Any CPU
		{795ACE86-C63B-4F01-BA6D-CB7576E5BD7E}.Release|Any CPU.ActiveCfg = Release|Any CPU
		{795ACE86-C63B-4F01-BA6D-CB7576E5BD7E}.Release|Any CPU.Build.0 = Release|Any CPU
	EndGlobalSection
	GlobalSection(SolutionProperties) = preSolution
		HideSolutionNode = FALSE
	EndGlobalSection
	GlobalSection(ExtensibilityGlobals) = postSolution
		SolutionGuid = {02BB9C74-7804-40FB-A54E-8309A5641B76}
	EndGlobalSection
EndGlobal
