
Microsoft Visual Studio Solution File, Format Version 12.00
# Visual Studio Version 17
VisualStudioVersion = 17.6.33829.357
MinimumVisualStudioVersion = 10.0.40219.1
Project("{FAE04EC0-301F-11D3-BF4B-00C04F79EFBC}") = "02.Football_Kit", "02.Football_Kit\02.Football_Kit.csproj", "{FF0108C0-F603-4D57-84A6-B73CE73B9522}"
EndProject
Global
	GlobalSection(SolutionConfigurationPlatforms) = preSolution
		Debug|Any CPU = Debug|Any CPU
		Release|Any CPU = Release|Any CPU
	EndGlobalSection
	GlobalSection(ProjectConfigurationPlatforms) = postSolution
		{FF0108C0-F603-4D57-84A6-B73CE73B9522}.Debug|Any CPU.ActiveCfg = Debug|Any CPU
		{FF0108C0-F603-4D57-84A6-B73CE73B9522}.Debug|Any CPU.Build.0 = Debug|Any CPU
		{FF0108C0-F603-4D57-84A6-B73CE73B9522}.Release|Any CPU.ActiveCfg = Release|Any CPU
		{FF0108C0-F603-4D57-84A6-B73CE73B9522}.Release|Any CPU.Build.0 = Release|Any CPU
	EndGlobalSection
	GlobalSection(SolutionProperties) = preSolution
		HideSolutionNode = FALSE
	EndGlobalSection
	GlobalSection(ExtensibilityGlobals) = postSolution
		SolutionGuid = {8ACBB642-BCAF-4A16-A6FA-3201C772284D}
	EndGlobalSection
EndGlobal
