
Microsoft Visual Studio Solution File, Format Version 12.00
# Visual Studio Version 17
VisualStudioVersion = 17.6.33829.357
MinimumVisualStudioVersion = 10.0.40219.1
Project("{FAE04EC0-301F-11D3-BF4B-00C04F79EFBC}") = "06.Building", "06.Building\06.Building.csproj", "{FBC5A6EC-3A02-4842-9843-44CA3F300C79}"
EndProject
Global
	GlobalSection(SolutionConfigurationPlatforms) = preSolution
		Debug|Any CPU = Debug|Any CPU
		Release|Any CPU = Release|Any CPU
	EndGlobalSection
	GlobalSection(ProjectConfigurationPlatforms) = postSolution
		{FBC5A6EC-3A02-4842-9843-44CA3F300C79}.Debug|Any CPU.ActiveCfg = Debug|Any CPU
		{FBC5A6EC-3A02-4842-9843-44CA3F300C79}.Debug|Any CPU.Build.0 = Debug|Any CPU
		{FBC5A6EC-3A02-4842-9843-44CA3F300C79}.Release|Any CPU.ActiveCfg = Release|Any CPU
		{FBC5A6EC-3A02-4842-9843-44CA3F300C79}.Release|Any CPU.Build.0 = Release|Any CPU
	EndGlobalSection
	GlobalSection(SolutionProperties) = preSolution
		HideSolutionNode = FALSE
	EndGlobalSection
	GlobalSection(ExtensibilityGlobals) = postSolution
		SolutionGuid = {0D9F0FFD-E0E8-4B6B-868D-DE80DAEA0847}
	EndGlobalSection
EndGlobal
