
Microsoft Visual Studio Solution File, Format Version 12.00
# Visual Studio Version 16
VisualStudioVersion = 16.0.33920.266
MinimumVisualStudioVersion = 10.0.40219.1
Project("{FAE04EC0-301F-11D3-BF4B-00C04F79EFBC}") = "01.Cinema", "01.Cinema\01.Cinema.csproj", "{A4D66836-BDAD-4B91-9109-CD38D33ED02E}"
EndProject
Project("{FAE04EC0-301F-11D3-BF4B-00C04F79EFBC}") = "02.Summer_Outfit", "..\02.Summer_Outfit\02.Summer_Outfit.csproj", "{899B8F91-6D41-4401-BA38-2BAE84DA4DAF}"
EndProject
Project("{FAE04EC0-301F-11D3-BF4B-00C04F79EFBC}") = "03.New_House", "..\03.New_House\03.New_House.csproj", "{6AA6AC78-FB47-45C0-8987-25468D167D20}"
EndProject
Project("{FAE04EC0-301F-11D3-BF4B-00C04F79EFBC}") = "04.Fishing_Boat", "..\04.Fishing_Boat\04.Fishing_Boat.csproj", "{41F7DED6-5B3C-4FBE-A1C6-EFD05DC2E346}"
EndProject
Project("{FAE04EC0-301F-11D3-BF4B-00C04F79EFBC}") = "05.Journey", "..\05.Journey\05.Journey.csproj", "{9BD1425B-8347-48AF-B835-DA36C69D3538}"
EndProject
Project("{FAE04EC0-301F-11D3-BF4B-00C04F79EFBC}") = "06.Operations_Between_Numbers", "..\06.Operations_Between_Numbers\06.Operations_Between_Numbers.csproj", "{99E78C34-A05F-466F-B9F6-DBBAA582F099}"
EndProject
Project("{FAE04EC0-301F-11D3-BF4B-00C04F79EFBC}") = "07.Hotel_Room", "..\07.Hotel_Room\07.Hotel_Room.csproj", "{3C75B877-CDDA-49A6-92AE-B0C011B4DBB3}"
EndProject
Project("{FAE04EC0-301F-11D3-BF4B-00C04F79EFBC}") = "08.On_Time_for_the_Exam", "..\08.On_Time_for_the_Exam\08.On_Time_for_the_Exam.csproj", "{ADDFD75F-E7B0-45B3-A694-78D5B4003785}"
EndProject
Project("{FAE04EC0-301F-11D3-BF4B-00C04F79EFBC}") = "09.Ski_Trip", "..\09.Ski_Trip\09.Ski_Trip.csproj", "{8D362F62-B462-4D02-87A6-E40CA3854D60}"
EndProject
Global
	GlobalSection(SolutionConfigurationPlatforms) = preSolution
		Debug|Any CPU = Debug|Any CPU
		Release|Any CPU = Release|Any CPU
	EndGlobalSection
	GlobalSection(ProjectConfigurationPlatforms) = postSolution
		{A4D66836-BDAD-4B91-9109-CD38D33ED02E}.Debug|Any CPU.ActiveCfg = Debug|Any CPU
		{A4D66836-BDAD-4B91-9109-CD38D33ED02E}.Debug|Any CPU.Build.0 = Debug|Any CPU
		{A4D66836-BDAD-4B91-9109-CD38D33ED02E}.Release|Any CPU.ActiveCfg = Release|Any CPU
		{A4D66836-BDAD-4B91-9109-CD38D33ED02E}.Release|Any CPU.Build.0 = Release|Any CPU
		{899B8F91-6D41-4401-BA38-2BAE84DA4DAF}.Debug|Any CPU.ActiveCfg = Debug|Any CPU
		{899B8F91-6D41-4401-BA38-2BAE84DA4DAF}.Debug|Any CPU.Build.0 = Debug|Any CPU
		{899B8F91-6D41-4401-BA38-2BAE84DA4DAF}.Release|Any CPU.ActiveCfg = Release|Any CPU
		{899B8F91-6D41-4401-BA38-2BAE84DA4DAF}.Release|Any CPU.Build.0 = Release|Any CPU
		{6AA6AC78-FB47-45C0-8987-25468D167D20}.Debug|Any CPU.ActiveCfg = Debug|Any CPU
		{6AA6AC78-FB47-45C0-8987-25468D167D20}.Debug|Any CPU.Build.0 = Debug|Any CPU
		{6AA6AC78-FB47-45C0-8987-25468D167D20}.Release|Any CPU.ActiveCfg = Release|Any CPU
		{6AA6AC78-FB47-45C0-8987-25468D167D20}.Release|Any CPU.Build.0 = Release|Any CPU
		{41F7DED6-5B3C-4FBE-A1C6-EFD05DC2E346}.Debug|Any CPU.ActiveCfg = Debug|Any CPU
		{41F7DED6-5B3C-4FBE-A1C6-EFD05DC2E346}.Debug|Any CPU.Build.0 = Debug|Any CPU
		{41F7DED6-5B3C-4FBE-A1C6-EFD05DC2E346}.Release|Any CPU.ActiveCfg = Release|Any CPU
		{41F7DED6-5B3C-4FBE-A1C6-EFD05DC2E346}.Release|Any CPU.Build.0 = Release|Any CPU
		{9BD1425B-8347-48AF-B835-DA36C69D3538}.Debug|Any CPU.ActiveCfg = Debug|Any CPU
		{9BD1425B-8347-48AF-B835-DA36C69D3538}.Debug|Any CPU.Build.0 = Debug|Any CPU
		{9BD1425B-8347-48AF-B835-DA36C69D3538}.Release|Any CPU.ActiveCfg = Release|Any CPU
		{9BD1425B-8347-48AF-B835-DA36C69D3538}.Release|Any CPU.Build.0 = Release|Any CPU
		{99E78C34-A05F-466F-B9F6-DBBAA582F099}.Debug|Any CPU.ActiveCfg = Debug|Any CPU
		{99E78C34-A05F-466F-B9F6-DBBAA582F099}.Debug|Any CPU.Build.0 = Debug|Any CPU
		{99E78C34-A05F-466F-B9F6-DBBAA582F099}.Release|Any CPU.ActiveCfg = Release|Any CPU
		{99E78C34-A05F-466F-B9F6-DBBAA582F099}.Release|Any CPU.Build.0 = Release|Any CPU
		{3C75B877-CDDA-49A6-92AE-B0C011B4DBB3}.Debug|Any CPU.ActiveCfg = Debug|Any CPU
		{3C75B877-CDDA-49A6-92AE-B0C011B4DBB3}.Debug|Any CPU.Build.0 = Debug|Any CPU
		{3C75B877-CDDA-49A6-92AE-B0C011B4DBB3}.Release|Any CPU.ActiveCfg = Release|Any CPU
		{3C75B877-CDDA-49A6-92AE-B0C011B4DBB3}.Release|Any CPU.Build.0 = Release|Any CPU
		{ADDFD75F-E7B0-45B3-A694-78D5B4003785}.Debug|Any CPU.ActiveCfg = Debug|Any CPU
		{ADDFD75F-E7B0-45B3-A694-78D5B4003785}.Debug|Any CPU.Build.0 = Debug|Any CPU
		{ADDFD75F-E7B0-45B3-A694-78D5B4003785}.Release|Any CPU.ActiveCfg = Release|Any CPU
		{ADDFD75F-E7B0-45B3-A694-78D5B4003785}.Release|Any CPU.Build.0 = Release|Any CPU
		{8D362F62-B462-4D02-87A6-E40CA3854D60}.Debug|Any CPU.ActiveCfg = Debug|Any CPU
		{8D362F62-B462-4D02-87A6-E40CA3854D60}.Debug|Any CPU.Build.0 = Debug|Any CPU
		{8D362F62-B462-4D02-87A6-E40CA3854D60}.Release|Any CPU.ActiveCfg = Release|Any CPU
		{8D362F62-B462-4D02-87A6-E40CA3854D60}.Release|Any CPU.Build.0 = Release|Any CPU
	EndGlobalSection
	GlobalSection(SolutionProperties) = preSolution
		HideSolutionNode = FALSE
	EndGlobalSection
	GlobalSection(ExtensibilityGlobals) = postSolution
		SolutionGuid = {8F2CF22C-023F-4A55-BD6E-0C8C49401A58}
	EndGlobalSection
EndGlobal
