
Microsoft Visual Studio Solution File, Format Version 12.00
# Visual Studio Version 16
VisualStudioVersion = 16.0.33920.266
MinimumVisualStudioVersion = 10.0.40219.1
Project("{FAE04EC0-301F-11D3-BF4B-00C04F79EFBC}") = "01.Old_Books", "01.Old_Books\01.Old_Books.csproj", "{A565A6D7-D21E-4BB4-987B-96D8051769BD}"
EndProject
Project("{FAE04EC0-301F-11D3-BF4B-00C04F79EFBC}") = "02.Exam_Preparation", "..\02.Exam_Preparation\02.Exam_Preparation.csproj", "{BFB2DA5D-589C-4F7C-8ABA-70B47EE2DCFF}"
EndProject
Project("{FAE04EC0-301F-11D3-BF4B-00C04F79EFBC}") = "03.Vacation", "..\03.Vacation\03.Vacation.csproj", "{F6553C28-B510-4642-87C8-C01D8CC5E739}"
EndProject
Project("{FAE04EC0-301F-11D3-BF4B-00C04F79EFBC}") = "04.Walking", "..\04.Walking\04.Walking.csproj", "{6E2D55E8-CF61-4BE3-AE8D-1DD8C56D5AFC}"
EndProject
Project("{FAE04EC0-301F-11D3-BF4B-00C04F79EFBC}") = "05.Coins", "..\05.Coins\05.Coins.csproj", "{3760EF8C-9118-47C9-99C4-7E37D642B06E}"
EndProject
Project("{FAE04EC0-301F-11D3-BF4B-00C04F79EFBC}") = "06.Cake", "..\06.Cake\06.Cake.csproj", "{F98E2CF6-E40C-4A3C-9759-F8849A585A66}"
EndProject
Project("{FAE04EC0-301F-11D3-BF4B-00C04F79EFBC}") = "07.Moving", "..\07.Moving\07.Moving.csproj", "{FBF08432-DDC5-4B41-917B-BAF7DB30B219}"
EndProject
Global
	GlobalSection(SolutionConfigurationPlatforms) = preSolution
		Debug|Any CPU = Debug|Any CPU
		Release|Any CPU = Release|Any CPU
	EndGlobalSection
	GlobalSection(ProjectConfigurationPlatforms) = postSolution
		{A565A6D7-D21E-4BB4-987B-96D8051769BD}.Debug|Any CPU.ActiveCfg = Debug|Any CPU
		{A565A6D7-D21E-4BB4-987B-96D8051769BD}.Debug|Any CPU.Build.0 = Debug|Any CPU
		{A565A6D7-D21E-4BB4-987B-96D8051769BD}.Release|Any CPU.ActiveCfg = Release|Any CPU
		{A565A6D7-D21E-4BB4-987B-96D8051769BD}.Release|Any CPU.Build.0 = Release|Any CPU
		{BFB2DA5D-589C-4F7C-8ABA-70B47EE2DCFF}.Debug|Any CPU.ActiveCfg = Debug|Any CPU
		{BFB2DA5D-589C-4F7C-8ABA-70B47EE2DCFF}.Debug|Any CPU.Build.0 = Debug|Any CPU
		{BFB2DA5D-589C-4F7C-8ABA-70B47EE2DCFF}.Release|Any CPU.ActiveCfg = Release|Any CPU
		{BFB2DA5D-589C-4F7C-8ABA-70B47EE2DCFF}.Release|Any CPU.Build.0 = Release|Any CPU
		{F6553C28-B510-4642-87C8-C01D8CC5E739}.Debug|Any CPU.ActiveCfg = Debug|Any CPU
		{F6553C28-B510-4642-87C8-C01D8CC5E739}.Debug|Any CPU.Build.0 = Debug|Any CPU
		{F6553C28-B510-4642-87C8-C01D8CC5E739}.Release|Any CPU.ActiveCfg = Release|Any CPU
		{F6553C28-B510-4642-87C8-C01D8CC5E739}.Release|Any CPU.Build.0 = Release|Any CPU
		{6E2D55E8-CF61-4BE3-AE8D-1DD8C56D5AFC}.Debug|Any CPU.ActiveCfg = Debug|Any CPU
		{6E2D55E8-CF61-4BE3-AE8D-1DD8C56D5AFC}.Debug|Any CPU.Build.0 = Debug|Any CPU
		{6E2D55E8-CF61-4BE3-AE8D-1DD8C56D5AFC}.Release|Any CPU.ActiveCfg = Release|Any CPU
		{6E2D55E8-CF61-4BE3-AE8D-1DD8C56D5AFC}.Release|Any CPU.Build.0 = Release|Any CPU
		{3760EF8C-9118-47C9-99C4-7E37D642B06E}.Debug|Any CPU.ActiveCfg = Debug|Any CPU
		{3760EF8C-9118-47C9-99C4-7E37D642B06E}.Debug|Any CPU.Build.0 = Debug|Any CPU
		{3760EF8C-9118-47C9-99C4-7E37D642B06E}.Release|Any CPU.ActiveCfg = Release|Any CPU
		{3760EF8C-9118-47C9-99C4-7E37D642B06E}.Release|Any CPU.Build.0 = Release|Any CPU
		{F98E2CF6-E40C-4A3C-9759-F8849A585A66}.Debug|Any CPU.ActiveCfg = Debug|Any CPU
		{F98E2CF6-E40C-4A3C-9759-F8849A585A66}.Debug|Any CPU.Build.0 = Debug|Any CPU
		{F98E2CF6-E40C-4A3C-9759-F8849A585A66}.Release|Any CPU.ActiveCfg = Release|Any CPU
		{F98E2CF6-E40C-4A3C-9759-F8849A585A66}.Release|Any CPU.Build.0 = Release|Any CPU
		{FBF08432-DDC5-4B41-917B-BAF7DB30B219}.Debug|Any CPU.ActiveCfg = Debug|Any CPU
		{FBF08432-DDC5-4B41-917B-BAF7DB30B219}.Debug|Any CPU.Build.0 = Debug|Any CPU
		{FBF08432-DDC5-4B41-917B-BAF7DB30B219}.Release|Any CPU.ActiveCfg = Release|Any CPU
		{FBF08432-DDC5-4B41-917B-BAF7DB30B219}.Release|Any CPU.Build.0 = Release|Any CPU
	EndGlobalSection
	GlobalSection(SolutionProperties) = preSolution
		HideSolutionNode = FALSE
	EndGlobalSection
	GlobalSection(ExtensibilityGlobals) = postSolution
		SolutionGuid = {15639F7F-9B43-4143-B959-8484E040CF9E}
	EndGlobalSection
EndGlobal
