
Microsoft Visual Studio Solution File, Format Version 12.00
# Visual Studio Version 17
VisualStudioVersion = 17.6.33829.357
MinimumVisualStudioVersion = 10.0.40219.1
Project("{FAE04EC0-301F-11D3-BF4B-00C04F79EFBC}") = "03.Sum_Prime_Non_Prime", "03.Sum_Prime_Non_Prime\03.Sum_Prime_Non_Prime.csproj", "{4AE75F6C-4CB0-4CE0-8B80-4DD94A0D07D6}"
EndProject
Global
	GlobalSection(SolutionConfigurationPlatforms) = preSolution
		Debug|Any CPU = Debug|Any CPU
		Release|Any CPU = Release|Any CPU
	EndGlobalSection
	GlobalSection(ProjectConfigurationPlatforms) = postSolution
		{4AE75F6C-4CB0-4CE0-8B80-4DD94A0D07D6}.Debug|Any CPU.ActiveCfg = Debug|Any CPU
		{4AE75F6C-4CB0-4CE0-8B80-4DD94A0D07D6}.Debug|Any CPU.Build.0 = Debug|Any CPU
		{4AE75F6C-4CB0-4CE0-8B80-4DD94A0D07D6}.Release|Any CPU.ActiveCfg = Release|Any CPU
		{4AE75F6C-4CB0-4CE0-8B80-4DD94A0D07D6}.Release|Any CPU.Build.0 = Release|Any CPU
	EndGlobalSection
	GlobalSection(SolutionProperties) = preSolution
		HideSolutionNode = FALSE
	EndGlobalSection
	GlobalSection(ExtensibilityGlobals) = postSolution
		SolutionGuid = {5A3FFA75-4E36-428D-B724-D2ED578624AD}
	EndGlobalSection
EndGlobal
