
Microsoft Visual Studio Solution File, Format Version 12.00
# Visual Studio Version 16
VisualStudioVersion = 16.0.33920.266
MinimumVisualStudioVersion = 10.0.40219.1
Project("{FAE04EC0-301F-11D3-BF4B-00C04F79EFBC}") = "01.Hello-SoftUni", "01. Hello SoftUni\01.Hello-SoftUni.csproj", "{B82BFD85-3D43-4D86-8DA0-75E238F86B2D}"
EndProject
Project("{FAE04EC0-301F-11D3-BF4B-00C04F79EFBC}") = "02.Nums_1_10", "..\02.Nums_1_10\02.Nums_1_10.csproj", "{3021DD8C-03A6-49D2-9B38-28B71C3C8777}"
EndProject
Project("{FAE04EC0-301F-11D3-BF4B-00C04F79EFBC}") = "03.Rectangle Area", "..\03.Rectangle Area\03.Rectangle Area.csproj", "{C116176C-F89A-4C68-B435-90F88722F071}"
EndProject
Project("{FAE04EC0-301F-11D3-BF4B-00C04F79EFBC}") = "04.Inches_to_Centimeters", "..\04.Inches_to_Centimeters\04.Inches_to_Centimeters.csproj", "{6501C3BA-4821-45A1-95B8-A741B2BFD8FE}"
EndProject
Project("{FAE04EC0-301F-11D3-BF4B-00C04F79EFBC}") = "05.Greeting_by_Name", "..\05.Greeting_by_Name\05.Greeting_by_Name.csproj", "{CA7128C9-763B-462C-BF2E-0F2D4655CCBA}"
EndProject
Project("{FAE04EC0-301F-11D3-BF4B-00C04F79EFBC}") = "06.Concatenate_Data", "..\06.Concatenate_Data\06.Concatenate_Data.csproj", "{5C93D535-1396-4A39-92D6-63C44CF9830E}"
EndProject
Project("{FAE04EC0-301F-11D3-BF4B-00C04F79EFBC}") = "07.Projects_Creation", "..\07.Projects_Creation\07.Projects_Creation.csproj", "{0CFC2C28-5A0C-4172-A971-D1DAF6647161}"
EndProject
Project("{FAE04EC0-301F-11D3-BF4B-00C04F79EFBC}") = "08.Pet_Shop", "..\08.Pet_Shop\08.Pet_Shop.csproj", "{1FAE0B22-88EF-43A6-90AE-0AF1458A59B0}"
EndProject
Project("{FAE04EC0-301F-11D3-BF4B-00C04F79EFBC}") = "09.Yard_Greening", "..\09.Yard_Greening\09.Yard_Greening.csproj", "{8D12500A-E7D1-4FEE-A824-C6E5A2B29818}"
EndProject
Global
	GlobalSection(SolutionConfigurationPlatforms) = preSolution
		Debug|Any CPU = Debug|Any CPU
		Release|Any CPU = Release|Any CPU
	EndGlobalSection
	GlobalSection(ProjectConfigurationPlatforms) = postSolution
		{B82BFD85-3D43-4D86-8DA0-75E238F86B2D}.Debug|Any CPU.ActiveCfg = Debug|Any CPU
		{B82BFD85-3D43-4D86-8DA0-75E238F86B2D}.Debug|Any CPU.Build.0 = Debug|Any CPU
		{B82BFD85-3D43-4D86-8DA0-75E238F86B2D}.Release|Any CPU.ActiveCfg = Release|Any CPU
		{B82BFD85-3D43-4D86-8DA0-75E238F86B2D}.Release|Any CPU.Build.0 = Release|Any CPU
		{3021DD8C-03A6-49D2-9B38-28B71C3C8777}.Debug|Any CPU.ActiveCfg = Debug|Any CPU
		{3021DD8C-03A6-49D2-9B38-28B71C3C8777}.Debug|Any CPU.Build.0 = Debug|Any CPU
		{3021DD8C-03A6-49D2-9B38-28B71C3C8777}.Release|Any CPU.ActiveCfg = Release|Any CPU
		{3021DD8C-03A6-49D2-9B38-28B71C3C8777}.Release|Any CPU.Build.0 = Release|Any CPU
		{C116176C-F89A-4C68-B435-90F88722F071}.Debug|Any CPU.ActiveCfg = Debug|Any CPU
		{C116176C-F89A-4C68-B435-90F88722F071}.Debug|Any CPU.Build.0 = Debug|Any CPU
		{C116176C-F89A-4C68-B435-90F88722F071}.Release|Any CPU.ActiveCfg = Release|Any CPU
		{C116176C-F89A-4C68-B435-90F88722F071}.Release|Any CPU.Build.0 = Release|Any CPU
		{6501C3BA-4821-45A1-95B8-A741B2BFD8FE}.Debug|Any CPU.ActiveCfg = Debug|Any CPU
		{6501C3BA-4821-45A1-95B8-A741B2BFD8FE}.Debug|Any CPU.Build.0 = Debug|Any CPU
		{6501C3BA-4821-45A1-95B8-A741B2BFD8FE}.Release|Any CPU.ActiveCfg = Release|Any CPU
		{6501C3BA-4821-45A1-95B8-A741B2BFD8FE}.Release|Any CPU.Build.0 = Release|Any CPU
		{CA7128C9-763B-462C-BF2E-0F2D4655CCBA}.Debug|Any CPU.ActiveCfg = Debug|Any CPU
		{CA7128C9-763B-462C-BF2E-0F2D4655CCBA}.Debug|Any CPU.Build.0 = Debug|Any CPU
		{CA7128C9-763B-462C-BF2E-0F2D4655CCBA}.Release|Any CPU.ActiveCfg = Release|Any CPU
		{CA7128C9-763B-462C-BF2E-0F2D4655CCBA}.Release|Any CPU.Build.0 = Release|Any CPU
		{5C93D535-1396-4A39-92D6-63C44CF9830E}.Debug|Any CPU.ActiveCfg = Debug|Any CPU
		{5C93D535-1396-4A39-92D6-63C44CF9830E}.Debug|Any CPU.Build.0 = Debug|Any CPU
		{5C93D535-1396-4A39-92D6-63C44CF9830E}.Release|Any CPU.ActiveCfg = Release|Any CPU
		{5C93D535-1396-4A39-92D6-63C44CF9830E}.Release|Any CPU.Build.0 = Release|Any CPU
		{0CFC2C28-5A0C-4172-A971-D1DAF6647161}.Debug|Any CPU.ActiveCfg = Debug|Any CPU
		{0CFC2C28-5A0C-4172-A971-D1DAF6647161}.Debug|Any CPU.Build.0 = Debug|Any CPU
		{0CFC2C28-5A0C-4172-A971-D1DAF6647161}.Release|Any CPU.ActiveCfg = Release|Any CPU
		{0CFC2C28-5A0C-4172-A971-D1DAF6647161}.Release|Any CPU.Build.0 = Release|Any CPU
		{1FAE0B22-88EF-43A6-90AE-0AF1458A59B0}.Debug|Any CPU.ActiveCfg = Debug|Any CPU
		{1FAE0B22-88EF-43A6-90AE-0AF1458A59B0}.Debug|Any CPU.Build.0 = Debug|Any CPU
		{1FAE0B22-88EF-43A6-90AE-0AF1458A59B0}.Release|Any CPU.ActiveCfg = Release|Any CPU
		{1FAE0B22-88EF-43A6-90AE-0AF1458A59B0}.Release|Any CPU.Build.0 = Release|Any CPU
		{8D12500A-E7D1-4FEE-A824-C6E5A2B29818}.Debug|Any CPU.ActiveCfg = Debug|Any CPU
		{8D12500A-E7D1-4FEE-A824-C6E5A2B29818}.Debug|Any CPU.Build.0 = Debug|Any CPU
		{8D12500A-E7D1-4FEE-A824-C6E5A2B29818}.Release|Any CPU.ActiveCfg = Release|Any CPU
		{8D12500A-E7D1-4FEE-A824-C6E5A2B29818}.Release|Any CPU.Build.0 = Release|Any CPU
	EndGlobalSection
	GlobalSection(SolutionProperties) = preSolution
		HideSolutionNode = FALSE
	EndGlobalSection
	GlobalSection(ExtensibilityGlobals) = postSolution
		SolutionGuid = {2829B7D6-80D5-447A-9725-FE8921778C7C}
	EndGlobalSection
EndGlobal
