
Microsoft Visual Studio Solution File, Format Version 12.00
# Visual Studio Version 17
VisualStudioVersion = 17.6.33829.357
MinimumVisualStudioVersion = 10.0.40219.1
Project("{FAE04EC0-301F-11D3-BF4B-00C04F79EFBC}") = "04.Train_The_Trainers", "04.Train_The_Trainers\04.Train_The_Trainers.csproj", "{FD85BD96-6F56-4C97-B627-D3C1F060A438}"
EndProject
Global
	GlobalSection(SolutionConfigurationPlatforms) = preSolution
		Debug|Any CPU = Debug|Any CPU
		Release|Any CPU = Release|Any CPU
	EndGlobalSection
	GlobalSection(ProjectConfigurationPlatforms) = postSolution
		{FD85BD96-6F56-4C97-B627-D3C1F060A438}.Debug|Any CPU.ActiveCfg = Debug|Any CPU
		{FD85BD96-6F56-4C97-B627-D3C1F060A438}.Debug|Any CPU.Build.0 = Debug|Any CPU
		{FD85BD96-6F56-4C97-B627-D3C1F060A438}.Release|Any CPU.ActiveCfg = Release|Any CPU
		{FD85BD96-6F56-4C97-B627-D3C1F060A438}.Release|Any CPU.Build.0 = Release|Any CPU
	EndGlobalSection
	GlobalSection(SolutionProperties) = preSolution
		HideSolutionNode = FALSE
	EndGlobalSection
	GlobalSection(ExtensibilityGlobals) = postSolution
		SolutionGuid = {CE810C82-F0D5-40E4-8F99-52E5B5FFDA63}
	EndGlobalSection
EndGlobal
